
Microsoft Visual Studio Solution File, Format Version 12.00
# Visual Studio Version 17
VisualStudioVersion = 17.3.32825.248
MinimumVisualStudioVersion = 10.0.40219.1
Project("{9A19103F-16F7-4668-BE54-9A1E7A4F7556}") = "trackingApi", "trackingApi\trackingApi.csproj", "{732D47B9-EEAE-4885-BE7F-EE8EA495C5D5}"
EndProject
Project("{FAE04EC0-301F-11D3-BF4B-00C04F79EFBC}") = "trackingClient", "trackingClient\trackingClient.csproj", "{043D371D-4A65-4688-A786-FD35E36A477F}"
EndProject
Global
	GlobalSection(SolutionConfigurationPlatforms) = preSolution
		Debug|Any CPU = Debug|Any CPU
		Release|Any CPU = Release|Any CPU
	EndGlobalSection
	GlobalSection(ProjectConfigurationPlatforms) = postSolution
		{732D47B9-EEAE-4885-BE7F-EE8EA495C5D5}.Debug|Any CPU.ActiveCfg = Debug|Any CPU
		{732D47B9-EEAE-4885-BE7F-EE8EA495C5D5}.Debug|Any CPU.Build.0 = Debug|Any CPU
		{732D47B9-EEAE-4885-BE7F-EE8EA495C5D5}.Release|Any CPU.ActiveCfg = Release|Any CPU
		{732D47B9-EEAE-4885-BE7F-EE8EA495C5D5}.Release|Any CPU.Build.0 = Release|Any CPU
		{043D371D-4A65-4688-A786-FD35E36A477F}.Debug|Any CPU.ActiveCfg = Debug|Any CPU
		{043D371D-4A65-4688-A786-FD35E36A477F}.Debug|Any CPU.Build.0 = Debug|Any CPU
		{043D371D-4A65-4688-A786-FD35E36A477F}.Release|Any CPU.ActiveCfg = Release|Any CPU
		{043D371D-4A65-4688-A786-FD35E36A477F}.Release|Any CPU.Build.0 = Release|Any CPU
	EndGlobalSection
	GlobalSection(SolutionProperties) = preSolution
		HideSolutionNode = FALSE
	EndGlobalSection
	GlobalSection(ExtensibilityGlobals) = postSolution
		SolutionGuid = {F2565E4F-CC44-4647-B485-78B730CE3577}
	EndGlobalSection
EndGlobal
